// !$*UTF8*$!
{
	archiveVersion = 1;
	classes = {
	};
	objectVersion = 56;
	objects = {

/* Begin PBXBuildFile section */
		3579BC2A2A81415F0068EBC5 /* AppDelegate.m in Sources */ = {isa = PBXBuildFile; fileRef = 3579BC292A81415F0068EBC5 /* AppDelegate.m */; };
		3579BC2D2A81415F0068EBC5 /* SceneDelegate.m in Sources */ = {isa = PBXBuildFile; fileRef = 3579BC2C2A81415F0068EBC5 /* SceneDelegate.m */; };
		3579BC302A81415F0068EBC5 /* ViewController.m in Sources */ = {isa = PBXBuildFile; fileRef = 3579BC2F2A81415F0068EBC5 /* ViewController.m */; };
		3579BC332A81415F0068EBC5 /* Main.storyboard in Resources */ = {isa = PBXBuildFile; fileRef = 3579BC312A81415F0068EBC5 /* Main.storyboard */; };
		3579BC362A81415F0068EBC5 /* TikTok.xcdatamodeld in Sources */ = {isa = PBXBuildFile; fileRef = 3579BC342A81415F0068EBC5 /* TikTok.xcdatamodeld */; };
		3579BC382A8141600068EBC5 /* Assets.xcassets in Resources */ = {isa = PBXBuildFile; fileRef = 3579BC372A8141600068EBC5 /* Assets.xcassets */; };
		3579BC3B2A8141600068EBC5 /* LaunchScreen.storyboard in Resources */ = {isa = PBXBuildFile; fileRef = 3579BC392A8141600068EBC5 /* LaunchScreen.storyboard */; };
		3579BC3E2A8141600068EBC5 /* main.m in Sources */ = {isa = PBXBuildFile; fileRef = 3579BC3D2A8141600068EBC5 /* main.m */; };
		3579BC482A8141610068EBC5 /* TikTokTests.m in Sources */ = {isa = PBXBuildFile; fileRef = 3579BC472A8141610068EBC5 /* TikTokTests.m */; };
		3579BC522A8141610068EBC5 /* TikTokUITests.m in Sources */ = {isa = PBXBuildFile; fileRef = 3579BC512A8141610068EBC5 /* TikTokUITests.m */; };
		3579BC542A8141610068EBC5 /* TikTokUITestsLaunchTests.m in Sources */ = {isa = PBXBuildFile; fileRef = 3579BC532A8141610068EBC5 /* TikTokUITestsLaunchTests.m */; };
/* End PBXBuildFile section */

/* Begin PBXContainerItemProxy section */
		3579BC442A8141610068EBC5 /* PBXContainerItemProxy */ = {
			isa = PBXContainerItemProxy;
			containerPortal = 3579BC1D2A81415F0068EBC5 /* Project object */;
			proxyType = 1;
			remoteGlobalIDString = 3579BC242A81415F0068EBC5;
			remoteInfo = TikTok;
		};
		3579BC4E2A8141610068EBC5 /* PBXContainerItemProxy */ = {
			isa = PBXContainerItemProxy;
			containerPortal = 3579BC1D2A81415F0068EBC5 /* Project object */;
			proxyType = 1;
			remoteGlobalIDString = 3579BC242A81415F0068EBC5;
			remoteInfo = TikTok;
		};
/* End PBXContainerItemProxy section */

/* Begin PBXFileReference section */
		3579BC252A81415F0068EBC5 /* TikTok.app */ = {isa = PBXFileReference; explicitFileType = wrapper.application; includeInIndex = 0; path = TikTok.app; sourceTree = BUILT_PRODUCTS_DIR; };
		3579BC282A81415F0068EBC5 /* AppDelegate.h */ = {isa = PBXFileReference; lastKnownFileType = sourcecode.c.h; path = AppDelegate.h; sourceTree = "<group>"; };
		3579BC292A81415F0068EBC5 /* AppDelegate.m */ = {isa = PBXFileReference; lastKnownFileType = sourcecode.c.objc; path = AppDelegate.m; sourceTree = "<group>"; };
		3579BC2B2A81415F0068EBC5 /* SceneDelegate.h */ = {isa = PBXFileReference; lastKnownFileType = sourcecode.c.h; path = SceneDelegate.h; sourceTree = "<group>"; };
		3579BC2C2A81415F0068EBC5 /* SceneDelegate.m */ = {isa = PBXFileReference; lastKnownFileType = sourcecode.c.objc; path = SceneDelegate.m; sourceTree = "<group>"; };
		3579BC2E2A81415F0068EBC5 /* ViewController.h */ = {isa = PBXFileReference; lastKnownFileType = sourcecode.c.h; path = ViewController.h; sourceTree = "<group>"; };
		3579BC2F2A81415F0068EBC5 /* ViewController.m */ = {isa = PBXFileReference; lastKnownFileType = sourcecode.c.objc; path = ViewController.m; sourceTree = "<group>"; };
		3579BC322A81415F0068EBC5 /* Base */ = {isa = PBXFileReference; lastKnownFileType = file.storyboard; name = Base; path = Base.lproj/Main.storyboard; sourceTree = "<group>"; };
		3579BC352A81415F0068EBC5 /* TikTok.xcdatamodel */ = {isa = PBXFileReference; lastKnownFileType = wrapper.xcdatamodel; path = TikTok.xcdatamodel; sourceTree = "<group>"; };
		3579BC372A8141600068EBC5 /* Assets.xcassets */ = {isa = PBXFileReference; lastKnownFileType = folder.assetcatalog; path = Assets.xcassets; sourceTree = "<group>"; };
		3579BC3A2A8141600068EBC5 /* Base */ = {isa = PBXFileReference; lastKnownFileType = file.storyboard; name = Base; path = Base.lproj/LaunchScreen.storyboard; sourceTree = "<group>"; };
		3579BC3C2A8141600068EBC5 /* Info.plist */ = {isa = PBXFileReference; lastKnownFileType = text.plist.xml; path = Info.plist; sourceTree = "<group>"; };
		3579BC3D2A8141600068EBC5 /* main.m */ = {isa = PBXFileReference; lastKnownFileType = sourcecode.c.objc; path = main.m; sourceTree = "<group>"; };
		3579BC432A8141610068EBC5 /* TikTokTests.xctest */ = {isa = PBXFileReference; explicitFileType = wrapper.cfbundle; includeInIndex = 0; path = TikTokTests.xctest; sourceTree = BUILT_PRODUCTS_DIR; };
		3579BC472A8141610068EBC5 /* TikTokTests.m */ = {isa = PBXFileReference; lastKnownFileType = sourcecode.c.objc; path = TikTokTests.m; sourceTree = "<group>"; };
		3579BC4D2A8141610068EBC5 /* TikTokUITests.xctest */ = {isa = PBXFileReference; explicitFileType = wrapper.cfbundle; includeInIndex = 0; path = TikTokUITests.xctest; sourceTree = BUILT_PRODUCTS_DIR; };
		3579BC512A8141610068EBC5 /* TikTokUITests.m */ = {isa = PBXFileReference; lastKnownFileType = sourcecode.c.objc; path = TikTokUITests.m; sourceTree = "<group>"; };
		3579BC532A8141610068EBC5 /* TikTokUITestsLaunchTests.m */ = {isa = PBXFileReference; lastKnownFileType = sourcecode.c.objc; path = TikTokUITestsLaunchTests.m; sourceTree = "<group>"; };
/* End PBXFileReference section */

/* Begin PBXFrameworksBuildPhase section */
		3579BC222A81415F0068EBC5 /* Frameworks */ = {
			isa = PBXFrameworksBuildPhase;
			buildActionMask = 2147483647;
			files = (
			);
			runOnlyForDeploymentPostprocessing = 0;
		};
		3579BC402A8141610068EBC5 /* Frameworks */ = {
			isa = PBXFrameworksBuildPhase;
			buildActionMask = 2147483647;
			files = (
			);
			runOnlyForDeploymentPostprocessing = 0;
		};
		3579BC4A2A8141610068EBC5 /* Frameworks */ = {
			isa = PBXFrameworksBuildPhase;
			buildActionMask = 2147483647;
			files = (
			);
			runOnlyForDeploymentPostprocessing = 0;
		};
/* End PBXFrameworksBuildPhase section */

/* Begin PBXGroup section */
		3579BC1C2A81415F0068EBC5 = {
			isa = PBXGroup;
			children = (
				3579BC272A81415F0068EBC5 /* TikTok */,
				3579BC462A8141610068EBC5 /* TikTokTests */,
				3579BC502A8141610068EBC5 /* TikTokUITests */,
				3579BC262A81415F0068EBC5 /* Products */,
			);
			sourceTree = "<group>";
		};
		3579BC262A81415F0068EBC5 /* Products */ = {
			isa = PBXGroup;
			children = (
				3579BC252A81415F0068EBC5 /* TikTok.app */,
				3579BC432A8141610068EBC5 /* TikTokTests.xctest */,
				3579BC4D2A8141610068EBC5 /* TikTokUITests.xctest */,
			);
			name = Products;
			sourceTree = "<group>";
		};
		3579BC272A81415F0068EBC5 /* TikTok */ = {
			isa = PBXGroup;
			children = (
				3579BC282A81415F0068EBC5 /* AppDelegate.h */,
				3579BC292A81415F0068EBC5 /* AppDelegate.m */,
				3579BC2B2A81415F0068EBC5 /* SceneDelegate.h */,
				3579BC2C2A81415F0068EBC5 /* SceneDelegate.m */,
				3579BC2E2A81415F0068EBC5 /* ViewController.h */,
				3579BC2F2A81415F0068EBC5 /* ViewController.m */,
				3579BC312A81415F0068EBC5 /* Main.storyboard */,
				3579BC372A8141600068EBC5 /* Assets.xcassets */,
				3579BC392A8141600068EBC5 /* LaunchScreen.storyboard */,
				3579BC3C2A8141600068EBC5 /* Info.plist */,
				3579BC3D2A8141600068EBC5 /* main.m */,
				3579BC342A81415F0068EBC5 /* TikTok.xcdatamodeld */,
			);
			path = TikTok;
			sourceTree = "<group>";
		};
		3579BC462A8141610068EBC5 /* TikTokTests */ = {
			isa = PBXGroup;
			children = (
				3579BC472A8141610068EBC5 /* TikTokTests.m */,
			);
			path = TikTokTests;
			sourceTree = "<group>";
		};
		3579BC502A8141610068EBC5 /* TikTokUITests */ = {
			isa = PBXGroup;
			children = (
				3579BC512A8141610068EBC5 /* TikTokUITests.m */,
				3579BC532A8141610068EBC5 /* TikTokUITestsLaunchTests.m */,
			);
			path = TikTokUITests;
			sourceTree = "<group>";
		};
/* End PBXGroup section */

/* Begin PBXNativeTarget section */
		3579BC242A81415F0068EBC5 /* TikTok */ = {
			isa = PBXNativeTarget;
			buildConfigurationList = 3579BC572A8141610068EBC5 /* Build configuration list for PBXNativeTarget "TikTok" */;
			buildPhases = (
				3579BC212A81415F0068EBC5 /* Sources */,
				3579BC222A81415F0068EBC5 /* Frameworks */,
				3579BC232A81415F0068EBC5 /* Resources */,
			);
			buildRules = (
			);
			dependencies = (
			);
			name = TikTok;
			productName = TikTok;
			productReference = 3579BC252A81415F0068EBC5 /* TikTok.app */;
			productType = "com.apple.product-type.application";
		};
		3579BC422A8141610068EBC5 /* TikTokTests */ = {
			isa = PBXNativeTarget;
			buildConfigurationList = 3579BC5A2A8141610068EBC5 /* Build configuration list for PBXNativeTarget "TikTokTests" */;
			buildPhases = (
				3579BC3F2A8141610068EBC5 /* Sources */,
				3579BC402A8141610068EBC5 /* Frameworks */,
				3579BC412A8141610068EBC5 /* Resources */,
			);
			buildRules = (
			);
			dependencies = (
				3579BC452A8141610068EBC5 /* PBXTargetDependency */,
			);
			name = TikTokTests;
			productName = TikTokTests;
			productReference = 3579BC432A8141610068EBC5 /* TikTokTests.xctest */;
			productType = "com.apple.product-type.bundle.unit-test";
		};
		3579BC4C2A8141610068EBC5 /* TikTokUITests */ = {
			isa = PBXNativeTarget;
			buildConfigurationList = 3579BC5D2A8141610068EBC5 /* Build configuration list for PBXNativeTarget "TikTokUITests" */;
			buildPhases = (
				3579BC492A8141610068EBC5 /* Sources */,
				3579BC4A2A8141610068EBC5 /* Frameworks */,
				3579BC4B2A8141610068EBC5 /* Resources */,
			);
			buildRules = (
			);
			dependencies = (
				3579BC4F2A8141610068EBC5 /* PBXTargetDependency */,
			);
			name = TikTokUITests;
			productName = TikTokUITests;
			productReference = 3579BC4D2A8141610068EBC5 /* TikTokUITests.xctest */;
			productType = "com.apple.product-type.bundle.ui-testing";
		};
/* End PBXNativeTarget section */

/* Begin PBXProject section */
		3579BC1D2A81415F0068EBC5 /* Project object */ = {
			isa = PBXProject;
			attributes = {
				BuildIndependentTargetsInParallel = 1;
				LastUpgradeCheck = 1430;
				TargetAttributes = {
					3579BC242A81415F0068EBC5 = {
						CreatedOnToolsVersion = 14.3.1;
					};
					3579BC422A8141610068EBC5 = {
						CreatedOnToolsVersion = 14.3.1;
						TestTargetID = 3579BC242A81415F0068EBC5;
					};
					3579BC4C2A8141610068EBC5 = {
						CreatedOnToolsVersion = 14.3.1;
						TestTargetID = 3579BC242A81415F0068EBC5;
					};
				};
			};
			buildConfigurationList = 3579BC202A81415F0068EBC5 /* Build configuration list for PBXProject "TikTok" */;
			compatibilityVersion = "Xcode 14.0";
			developmentRegion = en;
			hasScannedForEncodings = 0;
			knownRegions = (
				en,
				Base,
			);
			mainGroup = 3579BC1C2A81415F0068EBC5;
			productRefGroup = 3579BC262A81415F0068EBC5 /* Products */;
			projectDirPath = "";
			projectRoot = "";
			targets = (
				3579BC242A81415F0068EBC5 /* TikTok */,
				3579BC422A8141610068EBC5 /* TikTokTests */,
				3579BC4C2A8141610068EBC5 /* TikTokUITests */,
			);
		};
/* End PBXProject section */

/* Begin PBXResourcesBuildPhase section */
		3579BC232A81415F0068EBC5 /* Resources */ = {
			isa = PBXResourcesBuildPhase;
			buildActionMask = 2147483647;
			files = (
				3579BC3B2A8141600068EBC5 /* LaunchScreen.storyboard in Resources */,
				3579BC382A8141600068EBC5 /* Assets.xcassets in Resources */,
				3579BC332A81415F0068EBC5 /* Main.storyboard in Resources */,
			);
			runOnlyForDeploymentPostprocessing = 0;
		};
		3579BC412A8141610068EBC5 /* Resources */ = {
			isa = PBXResourcesBuildPhase;
			buildActionMask = 2147483647;
			files = (
			);
			runOnlyForDeploymentPostprocessing = 0;
		};
		3579BC4B2A8141610068EBC5 /* Resources */ = {
			isa = PBXResourcesBuildPhase;
			buildActionMask = 2147483647;
			files = (
			);
			runOnlyForDeploymentPostprocessing = 0;
		};
/* End PBXResourcesBuildPhase section */

/* Begin PBXSourcesBuildPhase section */
		3579BC212A81415F0068EBC5 /* Sources */ = {
			isa = PBXSourcesBuildPhase;
			buildActionMask = 2147483647;
			files = (
				3579BC3E2A8141600068EBC5 /* main.m in Sources */,
				3579BC302A81415F0068EBC5 /* ViewController.m in Sources */,
				3579BC362A81415F0068EBC5 /* TikTok.xcdatamodeld in Sources */,
				3579BC2A2A81415F0068EBC5 /* AppDelegate.m in Sources */,
				3579BC2D2A81415F0068EBC5 /* SceneDelegate.m in Sources */,
			);
			runOnlyForDeploymentPostprocessing = 0;
		};
		3579BC3F2A8141610068EBC5 /* Sources */ = {
			isa = PBXSourcesBuildPhase;
			buildActionMask = 2147483647;
			files = (
				3579BC482A8141610068EBC5 /* TikTokTests.m in Sources */,
			);
			runOnlyForDeploymentPostprocessing = 0;
		};
		3579BC492A8141610068EBC5 /* Sources */ = {
			isa = PBXSourcesBuildPhase;
			buildActionMask = 2147483647;
			files = (
				3579BC542A8141610068EBC5 /* TikTokUITestsLaunchTests.m in Sources */,
				3579BC522A8141610068EBC5 /* TikTokUITests.m in Sources */,
			);
			runOnlyForDeploymentPostprocessing = 0;
		};
/* End PBXSourcesBuildPhase section */

/* Begin PBXTargetDependency section */
		3579BC452A8141610068EBC5 /* PBXTargetDependency */ = {
			isa = PBXTargetDependency;
			target = 3579BC242A81415F0068EBC5 /* TikTok */;
			targetProxy = 3579BC442A8141610068EBC5 /* PBXContainerItemProxy */;
		};
		3579BC4F2A8141610068EBC5 /* PBXTargetDependency */ = {
			isa = PBXTargetDependency;
			target = 3579BC242A81415F0068EBC5 /* TikTok */;
			targetProxy = 3579BC4E2A8141610068EBC5 /* PBXContainerItemProxy */;
		};
/* End PBXTargetDependency section */

/* Begin PBXVariantGroup section */
		3579BC312A81415F0068EBC5 /* Main.storyboard */ = {
			isa = PBXVariantGroup;
			children = (
				3579BC322A81415F0068EBC5 /* Base */,
			);
			name = Main.storyboard;
			sourceTree = "<group>";
		};
		3579BC392A8141600068EBC5 /* LaunchScreen.storyboard */ = {
			isa = PBXVariantGroup;
			children = (
				3579BC3A2A8141600068EBC5 /* Base */,
			);
			name = LaunchScreen.storyboard;
			sourceTree = "<group>";
		};
/* End PBXVariantGroup section */

/* Begin XCBuildConfiguration section */
		3579BC552A8141610068EBC5 /* Debug */ = {
			isa = XCBuildConfiguration;
			buildSettings = {
				ALWAYS_SEARCH_USER_PATHS = NO;
				CLANG_ANALYZER_NONNULL = YES;
				CLANG_ANALYZER_NUMBER_OBJECT_CONVERSION = YES_AGGRESSIVE;
				CLANG_CXX_LANGUAGE_STANDARD = "gnu++20";
				CLANG_ENABLE_MODULES = YES;
				CLANG_ENABLE_OBJC_ARC = YES;
				CLANG_ENABLE_OBJC_WEAK = YES;
				CLANG_WARN_BLOCK_CAPTURE_AUTORELEASING = YES;
				CLANG_WARN_BOOL_CONVERSION = YES;
				CLANG_WARN_COMMA = YES;
				CLANG_WARN_CONSTANT_CONVERSION = YES;
				CLANG_WARN_DEPRECATED_OBJC_IMPLEMENTATIONS = YES;
				CLANG_WARN_DIRECT_OBJC_ISA_USAGE = YES_ERROR;
				CLANG_WARN_DOCUMENTATION_COMMENTS = YES;
				CLANG_WARN_EMPTY_BODY = YES;
				CLANG_WARN_ENUM_CONVERSION = YES;
				CLANG_WARN_INFINITE_RECURSION = YES;
				CLANG_WARN_INT_CONVERSION = YES;
				CLANG_WARN_NON_LITERAL_NULL_CONVERSION = YES;
				CLANG_WARN_OBJC_IMPLICIT_RETAIN_SELF = YES;
				CLANG_WARN_OBJC_LITERAL_CONVERSION = YES;
				CLANG_WARN_OBJC_ROOT_CLASS = YES_ERROR;
				CLANG_WARN_QUOTED_INCLUDE_IN_FRAMEWORK_HEADER = YES;
				CLANG_WARN_RANGE_LOOP_ANALYSIS = YES;
				CLANG_WARN_STRICT_PROTOTYPES = YES;
				CLANG_WARN_SUSPICIOUS_MOVE = YES;
				CLANG_WARN_UNGUARDED_AVAILABILITY = YES_AGGRESSIVE;
				CLANG_WARN_UNREACHABLE_CODE = YES;
				CLANG_WARN__DUPLICATE_METHOD_MATCH = YES;
				COPY_PHASE_STRIP = NO;
				DEBUG_INFORMATION_FORMAT = dwarf;
				ENABLE_STRICT_OBJC_MSGSEND = YES;
				ENABLE_TESTABILITY = YES;
				GCC_C_LANGUAGE_STANDARD = gnu11;
				GCC_DYNAMIC_NO_PIC = NO;
				GCC_NO_COMMON_BLOCKS = YES;
				GCC_OPTIMIZATION_LEVEL = 0;
				GCC_PREPROCESSOR_DEFINITIONS = (
					"DEBUG=1",
					"$(inherited)",
				);
				GCC_WARN_64_TO_32_BIT_CONVERSION = YES;
				GCC_WARN_ABOUT_RETURN_TYPE = YES_ERROR;
				GCC_WARN_UNDECLARED_SELECTOR = YES;
				GCC_WARN_UNINITIALIZED_AUTOS = YES_AGGRESSIVE;
				GCC_WARN_UNUSED_FUNCTION = YES;
				GCC_WARN_UNUSED_VARIABLE = YES;
				IPHONEOS_DEPLOYMENT_TARGET = 16.4;
				MTL_ENABLE_DEBUG_INFO = INCLUDE_SOURCE;
				MTL_FAST_MATH = YES;
				ONLY_ACTIVE_ARCH = YES;
				SDKROOT = iphoneos;
			};
			name = Debug;
		};
		3579BC562A8141610068EBC5 /* Release */ = {
			isa = XCBuildConfiguration;
			buildSettings = {
				ALWAYS_SEARCH_USER_PATHS = NO;
				CLANG_ANALYZER_NONNULL = YES;
				CLANG_ANALYZER_NUMBER_OBJECT_CONVERSION = YES_AGGRESSIVE;
				CLANG_CXX_LANGUAGE_STANDARD = "gnu++20";
				CLANG_ENABLE_MODULES = YES;
				CLANG_ENABLE_OBJC_ARC = YES;
				CLANG_ENABLE_OBJC_WEAK = YES;
				CLANG_WARN_BLOCK_CAPTURE_AUTORELEASING = YES;
				CLANG_WARN_BOOL_CONVERSION = YES;
				CLANG_WARN_COMMA = YES;
				CLANG_WARN_CONSTANT_CONVERSION = YES;
				CLANG_WARN_DEPRECATED_OBJC_IMPLEMENTATIONS = YES;
				CLANG_WARN_DIRECT_OBJC_ISA_USAGE = YES_ERROR;
				CLANG_WARN_DOCUMENTATION_COMMENTS = YES;
				CLANG_WARN_EMPTY_BODY = YES;
				CLANG_WARN_ENUM_CONVERSION = YES;
				CLANG_WARN_INFINITE_RECURSION = YES;
				CLANG_WARN_INT_CONVERSION = YES;
				CLANG_WARN_NON_LITERAL_NULL_CONVERSION = YES;
				CLANG_WARN_OBJC_IMPLICIT_RETAIN_SELF = YES;
				CLANG_WARN_OBJC_LITERAL_CONVERSION = YES;
				CLANG_WARN_OBJC_ROOT_CLASS = YES_ERROR;
				CLANG_WARN_QUOTED_INCLUDE_IN_FRAMEWORK_HEADER = YES;
				CLANG_WARN_RANGE_LOOP_ANALYSIS = YES;
				CLANG_WARN_STRICT_PROTOTYPES = YES;
				CLANG_WARN_SUSPICIOUS_MOVE = YES;
				CLANG_WARN_UNGUARDED_AVAILABILITY = YES_AGGRESSIVE;
				CLANG_WARN_UNREACHABLE_CODE = YES;
				CLANG_WARN__DUPLICATE_METHOD_MATCH = YES;
				COPY_PHASE_STRIP = NO;
				DEBUG_INFORMATION_FORMAT = "dwarf-with-dsym";
				ENABLE_NS_ASSERTIONS = NO;
				ENABLE_STRICT_OBJC_MSGSEND = YES;
				GCC_C_LANGUAGE_STANDARD = gnu11;
				GCC_NO_COMMON_BLOCKS = YES;
				GCC_WARN_64_TO_32_BIT_CONVERSION = YES;
				GCC_WARN_ABOUT_RETURN_TYPE = YES_ERROR;
				GCC_WARN_UNDECLARED_SELECTOR = YES;
				GCC_WARN_UNINITIALIZED_AUTOS = YES_AGGRESSIVE;
				GCC_WARN_UNUSED_FUNCTION = YES;
				GCC_WARN_UNUSED_VARIABLE = YES;
				IPHONEOS_DEPLOYMENT_TARGET = 16.4;
				MTL_ENABLE_DEBUG_INFO = NO;
				MTL_FAST_MATH = YES;
				SDKROOT = iphoneos;
				VALIDATE_PRODUCT = YES;
			};
			name = Release;
		};
		3579BC582A8141610068EBC5 /* Debug */ = {
			isa = XCBuildConfiguration;
			buildSettings = {
				ASSETCATALOG_COMPILER_APPICON_NAME = AppIcon;
				ASSETCATALOG_COMPILER_GLOBAL_ACCENT_COLOR_NAME = AccentColor;
				CODE_SIGN_STYLE = Automatic;
				CURRENT_PROJECT_VERSION = 1;
				DEVELOPMENT_TEAM = FUYWJ9UF9U;
				GENERATE_INFOPLIST_FILE = YES;
				INFOPLIST_FILE = TikTok/Info.plist;
				INFOPLIST_KEY_UIApplicationSupportsIndirectInputEvents = YES;
				INFOPLIST_KEY_UILaunchStoryboardName = LaunchScreen;
				INFOPLIST_KEY_UIMainStoryboardFile = Main;
				INFOPLIST_KEY_UISupportedInterfaceOrientations_iPad = "UIInterfaceOrientationPortrait UIInterfaceOrientationPortraitUpsideDown UIInterfaceOrientationLandscapeLeft UIInterfaceOrientationLandscapeRight";
				INFOPLIST_KEY_UISupportedInterfaceOrientations_iPhone = "UIInterfaceOrientationPortrait UIInterfaceOrientationLandscapeLeft UIInterfaceOrientationLandscapeRight";
				LD_RUNPATH_SEARCH_PATHS = (
					"$(inherited)",
					"@executable_path/Frameworks",
				);
				MARKETING_VERSION = 1.0;
				PRODUCT_BUNDLE_IDENTIFIER = TopView.TikTok;
				PRODUCT_NAME = "$(TARGET_NAME)";
				SWIFT_EMIT_LOC_STRINGS = YES;
				TARGETED_DEVICE_FAMILY = "1,2";
			};
			name = Debug;
		};
		3579BC592A8141610068EBC5 /* Release */ = {
			isa = XCBuildConfiguration;
			buildSettings = {
				ASSETCATALOG_COMPILER_APPICON_NAME = AppIcon;
				ASSETCATALOG_COMPILER_GLOBAL_ACCENT_COLOR_NAME = AccentColor;
				CODE_SIGN_STYLE = Automatic;
				CURRENT_PROJECT_VERSION = 1;
				DEVELOPMENT_TEAM = FUYWJ9UF9U;
				GENERATE_INFOPLIST_FILE = YES;
				INFOPLIST_FILE = TikTok/Info.plist;
				INFOPLIST_KEY_UIApplicationSupportsIndirectInputEvents = YES;
				INFOPLIST_KEY_UILaunchStoryboardName = LaunchScreen;
				INFOPLIST_KEY_UIMainStoryboardFile = Main;
				INFOPLIST_KEY_UISupportedInterfaceOrientations_iPad = "UIInterfaceOrientationPortrait UIInterfaceOrientationPortraitUpsideDown UIInterfaceOrientationLandscapeLeft UIInterfaceOrientationLandscapeRight";
				INFOPLIST_KEY_UISupportedInterfaceOrientations_iPhone = "UIInterfaceOrientationPortrait UIInterfaceOrientationLandscapeLeft UIInterfaceOrientationLandscapeRight";
				LD_RUNPATH_SEARCH_PATHS = (
					"$(inherited)",
					"@executable_path/Frameworks",
				);
				MARKETING_VERSION = 1.0;
				PRODUCT_BUNDLE_IDENTIFIER = TopView.TikTok;
				PRODUCT_NAME = "$(TARGET_NAME)";
				SWIFT_EMIT_LOC_STRINGS = YES;
				TARGETED_DEVICE_FAMILY = "1,2";
			};
			name = Release;
		};
		3579BC5B2A8141610068EBC5 /* Debug */ = {
			isa = XCBuildConfiguration;
			buildSettings = {
				BUNDLE_LOADER = "$(TEST_HOST)";
				CODE_SIGN_STYLE = Automatic;
				CURRENT_PROJECT_VERSION = 1;
				DEVELOPMENT_TEAM = FUYWJ9UF9U;
				GENERATE_INFOPLIST_FILE = YES;
				IPHONEOS_DEPLOYMENT_TARGET = 16.4;
				MARKETING_VERSION = 1.0;
				PRODUCT_BUNDLE_IDENTIFIER = TopView.TikTokTests;
				PRODUCT_NAME = "$(TARGET_NAME)";
				SWIFT_EMIT_LOC_STRINGS = NO;
				TARGETED_DEVICE_FAMILY = "1,2";
				TEST_HOST = "$(BUILT_PRODUCTS_DIR)/TikTok.app/$(BUNDLE_EXECUTABLE_FOLDER_PATH)/TikTok";
			};
			name = Debug;
		};
		3579BC5C2A8141610068EBC5 /* Release */ = {
			isa = XCBuildConfiguration;
			buildSettings = {
				BUNDLE_LOADER = "$(TEST_HOST)";
				CODE_SIGN_STYLE = Automatic;
				CURRENT_PROJECT_VERSION = 1;
				DEVELOPMENT_TEAM = FUYWJ9UF9U;
				GENERATE_INFOPLIST_FILE = YES;
				IPHONEOS_DEPLOYMENT_TARGET = 16.4;
				MARKETING_VERSION = 1.0;
				PRODUCT_BUNDLE_IDENTIFIER = TopView.TikTokTests;
				PRODUCT_NAME = "$(TARGET_NAME)";
				SWIFT_EMIT_LOC_STRINGS = NO;
				TARGETED_DEVICE_FAMILY = "1,2";
				TEST_HOST = "$(BUILT_PRODUCTS_DIR)/TikTok.app/$(BUNDLE_EXECUTABLE_FOLDER_PATH)/TikTok";
			};
			name = Release;
		};
		3579BC5E2A8141610068EBC5 /* Debug */ = {
			isa = XCBuildConfiguration;
			buildSettings = {
				CODE_SIGN_STYLE = Automatic;
				CURRENT_PROJECT_VERSION = 1;
				DEVELOPMENT_TEAM = FUYWJ9UF9U;
				GENERATE_INFOPLIST_FILE = YES;
				MARKETING_VERSION = 1.0;
				PRODUCT_BUNDLE_IDENTIFIER = TopView.TikTokUITests;
				PRODUCT_NAME = "$(TARGET_NAME)";
				SWIFT_EMIT_LOC_STRINGS = NO;
				TARGETED_DEVICE_FAMILY = "1,2";
				TEST_TARGET_NAME = TikTok;
			};
			name = Debug;
		};
		3579BC5F2A8141610068EBC5 /* Release */ = {
			isa = XCBuildConfiguration;
			buildSettings = {
				CODE_SIGN_STYLE = Automatic;
				CURRENT_PROJECT_VERSION = 1;
				DEVELOPMENT_TEAM = FUYWJ9UF9U;
				GENERATE_INFOPLIST_FILE = YES;
				MARKETING_VERSION = 1.0;
				PRODUCT_BUNDLE_IDENTIFIER = TopView.TikTokUITests;
				PRODUCT_NAME = "$(TARGET_NAME)";
				SWIFT_EMIT_LOC_STRINGS = NO;
				TARGETED_DEVICE_FAMILY = "1,2";
				TEST_TARGET_NAME = TikTok;
			};
			name = Release;
		};
/* End XCBuildConfiguration section */

/* Begin XCConfigurationList section */
		3579BC202A81415F0068EBC5 /* Build configuration list for PBXProject "TikTok" */ = {
			isa = XCConfigurationList;
			buildConfigurations = (
				3579BC552A8141610068EBC5 /* Debug */,
				3579BC562A8141610068EBC5 /* Release */,
			);
			defaultConfigurationIsVisible = 0;
			defaultConfigurationName = Release;
		};
		3579BC572A8141610068EBC5 /* Build configuration list for PBXNativeTarget "TikTok" */ = {
			isa = XCConfigurationList;
			buildConfigurations = (
				3579BC582A8141610068EBC5 /* Debug */,
				3579BC592A8141610068EBC5 /* Release */,
			);
			defaultConfigurationIsVisible = 0;
			defaultConfigurationName = Release;
		};
		3579BC5A2A8141610068EBC5 /* Build configuration list for PBXNativeTarget "TikTokTests" */ = {
			isa = XCConfigurationList;
			buildConfigurations = (
				3579BC5B2A8141610068EBC5 /* Debug */,
				3579BC5C2A8141610068EBC5 /* Release */,
			);
			defaultConfigurationIsVisible = 0;
			defaultConfigurationName = Release;
		};
		3579BC5D2A8141610068EBC5 /* Build configuration list for PBXNativeTarget "TikTokUITests" */ = {
			isa = XCConfigurationList;
			buildConfigurations = (
				3579BC5E2A8141610068EBC5 /* Debug */,
				3579BC5F2A8141610068EBC5 /* Release */,
			);
			defaultConfigurationIsVisible = 0;
			defaultConfigurationName = Release;
		};
/* End XCConfigurationList section */

/* Begin XCVersionGroup section */
		3579BC342A81415F0068EBC5 /* TikTok.xcdatamodeld */ = {
			isa = XCVersionGroup;
			children = (
				3579BC352A81415F0068EBC5 /* TikTok.xcdatamodel */,
			);
			currentVersion = 3579BC352A81415F0068EBC5 /* TikTok.xcdatamodel */;
			path = TikTok.xcdatamodeld;
			sourceTree = "<group>";
			versionGroupType = wrapper.xcdatamodel;
		};
/* End XCVersionGroup section */
	};
	rootObject = 3579BC1D2A81415F0068EBC5 /* Project object */;
}
